{
  "name": "qrcode",
  "version": "1.0.0",
  "lockfileVersion": 2,
  "requires": true,
  "packages": {
    "": {
      "name": "qrcode",
      "version": "1.0.0",
      "license": "ISC",
      "dependencies": {
        "qrcode-decoder": "^0.3.1"
      }
    },
    "node_modules/jsqr": {
      "version": "1.4.0",
      "resolved": "https://registry.npmmirror.com/jsqr/-/jsqr-1.4.0.tgz",
      "integrity": "sha512-dxLob7q65Xg2DvstYkRpkYtmKm2sPJ9oFhrhmudT1dZvNFFTlroai3AWSpLey/w5vMcLBXRgOJsbXpdN9HzU/A=="
    },
    "node_modules/qrcode-decoder": {
      "version": "0.3.1",
      "resolved": "https://registry.npmmirror.com/qrcode-decoder/-/qrcode-decoder-0.3.1.tgz",
      "integrity": "sha512-G80L1PdMaTvrWpHymX2buL48NWRkBsbj/zsE2dS418Llpgl0+MbplDwxA3gmZHX7ERUN7Nre84kSG62631aWDA==",
      "dependencies": {
        "jsqr": "^1.4.0"
      }
    }
  },
  "dependencies": {
    "jsqr": {
      "version": "1.4.0",
      "resolved": "https://registry.npmmirror.com/jsqr/-/jsqr-1.4.0.tgz",
      "integrity": "sha512-dxLob7q65Xg2DvstYkRpkYtmKm2sPJ9oFhrhmudT1dZvNFFTlroai3AWSpLey/w5vMcLBXRgOJsbXpdN9HzU/A=="
    },
    "qrcode-decoder": {
      "version": "0.3.1",
      "resolved": "https://registry.npmmirror.com/qrcode-decoder/-/qrcode-decoder-0.3.1.tgz",
      "integrity": "sha512-G80L1PdMaTvrWpHymX2buL48NWRkBsbj/zsE2dS418Llpgl0+MbplDwxA3gmZHX7ERUN7Nre84kSG62631aWDA==",
      "requires": {
        "jsqr": "^1.4.0"
      }
    }
  }
}
